
Microsoft Visual Studio Solution File, Format Version 12.00
# Visual Studio 2013
VisualStudioVersion = 12.0.30501.0
MinimumVisualStudioVersion = 10.0.40219.1
Project("{E24C65DC-7377-472B-9ABA-BC803B73C61A}") = "MyWebSite", "http://localhost:50405", "{BD3E24E1-1DA3-44E3-A8E4-648B2E1819CF}"
	ProjectSection(WebsiteProperties) = preProject
		UseIISExpress = "true"
		TargetFrameworkMoniker = ".NETFramework,Version%3Dv4.5"
		ProjectReferences = "{011e705d-6c86-4539-af8c-5a9da0728a72}|eRestaurantSystem.dll;"
		Debug.AspNetCompiler.VirtualPath = "/localhost_50405"
		Debug.AspNetCompiler.PhysicalPath = "MyWebSite\"
		Debug.AspNetCompiler.TargetPath = "PrecompiledWeb\localhost_50405\"
		Debug.AspNetCompiler.Updateable = "true"
		Debug.AspNetCompiler.ForceOverwrite = "true"
		Debug.AspNetCompiler.FixedNames = "false"
		Debug.AspNetCompiler.Debug = "True"
		Release.AspNetCompiler.VirtualPath = "/localhost_50405"
		Release.AspNetCompiler.PhysicalPath = "MyWebSite\"
		Release.AspNetCompiler.TargetPath = "PrecompiledWeb\localhost_50405\"
		Release.AspNetCompiler.Updateable = "true"
		Release.AspNetCompiler.ForceOverwrite = "true"
		Release.AspNetCompiler.FixedNames = "false"
		Release.AspNetCompiler.Debug = "False"
		SlnRelativePath = "MyWebSite\"
		DefaultWebSiteLanguage = "Visual C#"
	EndProjectSection
EndProject
Project("{FAE04EC0-301F-11D3-BF4B-00C04F79EFBC}") = "eRestaurantSystem", "eRestaurantSystem\eRestaurantSystem.csproj", "{011E705D-6C86-4539-AF8C-5A9DA0728A72}"
EndProject
Global
	GlobalSection(SolutionConfigurationPlatforms) = preSolution
		Debug|Any CPU = Debug|Any CPU
		Release|Any CPU = Release|Any CPU
	EndGlobalSection
	GlobalSection(ProjectConfigurationPlatforms) = postSolution
		{BD3E24E1-1DA3-44E3-A8E4-648B2E1819CF}.Debug|Any CPU.ActiveCfg = Debug|Any CPU
		{BD3E24E1-1DA3-44E3-A8E4-648B2E1819CF}.Debug|Any CPU.Build.0 = Debug|Any CPU
		{BD3E24E1-1DA3-44E3-A8E4-648B2E1819CF}.Release|Any CPU.ActiveCfg = Debug|Any CPU
		{BD3E24E1-1DA3-44E3-A8E4-648B2E1819CF}.Release|Any CPU.Build.0 = Debug|Any CPU
		{011E705D-6C86-4539-AF8C-5A9DA0728A72}.Debug|Any CPU.ActiveCfg = Debug|Any CPU
		{011E705D-6C86-4539-AF8C-5A9DA0728A72}.Debug|Any CPU.Build.0 = Debug|Any CPU
		{011E705D-6C86-4539-AF8C-5A9DA0728A72}.Release|Any CPU.ActiveCfg = Release|Any CPU
		{011E705D-6C86-4539-AF8C-5A9DA0728A72}.Release|Any CPU.Build.0 = Release|Any CPU
	EndGlobalSection
	GlobalSection(SolutionProperties) = preSolution
		HideSolutionNode = FALSE
	EndGlobalSection
EndGlobal
